
Microsoft Visual Studio Solution File, Format Version 12.00
# Visual Studio Version 17
VisualStudioVersion = 17.0.31903.59
MinimumVisualStudioVersion = 10.0.40219.1
Project("{FAE04EC0-301F-11D3-BF4B-00C04F79EFBC}") = "YouTubeToMp3", "YouTubeToMp3\YouTubeToMp3.csproj", "{0F9F77F4-1CF6-4710-82D3-219890C6CBE5}"
EndProject
Project("{FAE04EC0-301F-11D3-BF4B-00C04F79EFBC}") = "YouTubeToMp3.Tests", "YouTubeToMp3.Tests\YouTubeToMp3.Tests.csproj", "{800DEE4F-0301-44A0-8220-21FF8392FA20}"
EndProject
Project("{FAE04EC0-301F-11D3-BF4B-00C04F79EFBC}") = "YouTubeToMp3.BlazorFrontend", "YouTubeToMp3.BlazorFrontend\YouTubeToMp3.BlazorFrontend.csproj", "{1F3E697A-A4BE-4FAF-B161-3882A523CA05}"
EndProject
Global
	GlobalSection(SolutionConfigurationPlatforms) = preSolution
		Debug|Any CPU = Debug|Any CPU
		Debug|x64 = Debug|x64
		Debug|x86 = Debug|x86
		Release|Any CPU = Release|Any CPU
		Release|x64 = Release|x64
		Release|x86 = Release|x86
	EndGlobalSection
	GlobalSection(ProjectConfigurationPlatforms) = postSolution
		{0F9F77F4-1CF6-4710-82D3-219890C6CBE5}.Debug|Any CPU.ActiveCfg = Debug|Any CPU
		{0F9F77F4-1CF6-4710-82D3-219890C6CBE5}.Debug|Any CPU.Build.0 = Debug|Any CPU
		{0F9F77F4-1CF6-4710-82D3-219890C6CBE5}.Debug|x64.ActiveCfg = Debug|Any CPU
		{0F9F77F4-1CF6-4710-82D3-219890C6CBE5}.Debug|x64.Build.0 = Debug|Any CPU
		{0F9F77F4-1CF6-4710-82D3-219890C6CBE5}.Debug|x86.ActiveCfg = Debug|Any CPU
		{0F9F77F4-1CF6-4710-82D3-219890C6CBE5}.Debug|x86.Build.0 = Debug|Any CPU
		{0F9F77F4-1CF6-4710-82D3-219890C6CBE5}.Release|Any CPU.ActiveCfg = Release|Any CPU
		{0F9F77F4-1CF6-4710-82D3-219890C6CBE5}.Release|Any CPU.Build.0 = Release|Any CPU
		{0F9F77F4-1CF6-4710-82D3-219890C6CBE5}.Release|x64.ActiveCfg = Release|Any CPU
		{0F9F77F4-1CF6-4710-82D3-219890C6CBE5}.Release|x64.Build.0 = Release|Any CPU
		{0F9F77F4-1CF6-4710-82D3-219890C6CBE5}.Release|x86.ActiveCfg = Release|Any CPU
		{0F9F77F4-1CF6-4710-82D3-219890C6CBE5}.Release|x86.Build.0 = Release|Any CPU
		{800DEE4F-0301-44A0-8220-21FF8392FA20}.Debug|Any CPU.ActiveCfg = Debug|Any CPU
		{800DEE4F-0301-44A0-8220-21FF8392FA20}.Debug|Any CPU.Build.0 = Debug|Any CPU
		{800DEE4F-0301-44A0-8220-21FF8392FA20}.Debug|x64.ActiveCfg = Debug|Any CPU
		{800DEE4F-0301-44A0-8220-21FF8392FA20}.Debug|x64.Build.0 = Debug|Any CPU
		{800DEE4F-0301-44A0-8220-21FF8392FA20}.Debug|x86.ActiveCfg = Debug|Any CPU
		{800DEE4F-0301-44A0-8220-21FF8392FA20}.Debug|x86.Build.0 = Debug|Any CPU
		{800DEE4F-0301-44A0-8220-21FF8392FA20}.Release|Any CPU.ActiveCfg = Release|Any CPU
		{800DEE4F-0301-44A0-8220-21FF8392FA20}.Release|Any CPU.Build.0 = Release|Any CPU
		{800DEE4F-0301-44A0-8220-21FF8392FA20}.Release|x64.ActiveCfg = Release|Any CPU
		{800DEE4F-0301-44A0-8220-21FF8392FA20}.Release|x64.Build.0 = Release|Any CPU
		{800DEE4F-0301-44A0-8220-21FF8392FA20}.Release|x86.ActiveCfg = Release|Any CPU
		{800DEE4F-0301-44A0-8220-21FF8392FA20}.Release|x86.Build.0 = Release|Any CPU
		{1F3E697A-A4BE-4FAF-B161-3882A523CA05}.Debug|Any CPU.ActiveCfg = Debug|Any CPU
		{1F3E697A-A4BE-4FAF-B161-3882A523CA05}.Debug|Any CPU.Build.0 = Debug|Any CPU
		{1F3E697A-A4BE-4FAF-B161-3882A523CA05}.Debug|x64.ActiveCfg = Debug|Any CPU
		{1F3E697A-A4BE-4FAF-B161-3882A523CA05}.Debug|x64.Build.0 = Debug|Any CPU
		{1F3E697A-A4BE-4FAF-B161-3882A523CA05}.Debug|x86.ActiveCfg = Debug|Any CPU
		{1F3E697A-A4BE-4FAF-B161-3882A523CA05}.Debug|x86.Build.0 = Debug|Any CPU
		{1F3E697A-A4BE-4FAF-B161-3882A523CA05}.Release|Any CPU.ActiveCfg = Release|Any CPU
		{1F3E697A-A4BE-4FAF-B161-3882A523CA05}.Release|Any CPU.Build.0 = Release|Any CPU
		{1F3E697A-A4BE-4FAF-B161-3882A523CA05}.Release|x64.ActiveCfg = Release|Any CPU
		{1F3E697A-A4BE-4FAF-B161-3882A523CA05}.Release|x64.Build.0 = Release|Any CPU
		{1F3E697A-A4BE-4FAF-B161-3882A523CA05}.Release|x86.ActiveCfg = Release|Any CPU
		{1F3E697A-A4BE-4FAF-B161-3882A523CA05}.Release|x86.Build.0 = Release|Any CPU
	EndGlobalSection
	GlobalSection(SolutionProperties) = preSolution
		HideSolutionNode = FALSE
	EndGlobalSection
EndGlobal
